
Microsoft Visual Studio Solution File, Format Version 12.00
# Visual Studio Version 17
VisualStudioVersion = 17.2.32630.192
MinimumVisualStudioVersion = 10.0.40219.1
Project("{FAE04EC0-301F-11D3-BF4B-00C04F79EFBC}") = "MicrocreditosLola", "MicrocreditosLola\MicrocreditosLola.csproj", "{60910EB0-0789-4358-A1CD-03B4B7C4D42B}"
EndProject
Global
	GlobalSection(SolutionConfigurationPlatforms) = preSolution
		Debug|Any CPU = Debug|Any CPU
		Release|Any CPU = Release|Any CPU
	EndGlobalSection
	GlobalSection(ProjectConfigurationPlatforms) = postSolution
		{60910EB0-0789-4358-A1CD-03B4B7C4D42B}.Debug|Any CPU.ActiveCfg = Debug|Any CPU
		{60910EB0-0789-4358-A1CD-03B4B7C4D42B}.Debug|Any CPU.Build.0 = Debug|Any CPU
		{60910EB0-0789-4358-A1CD-03B4B7C4D42B}.Release|Any CPU.ActiveCfg = Release|Any CPU
		{60910EB0-0789-4358-A1CD-03B4B7C4D42B}.Release|Any CPU.Build.0 = Release|Any CPU
	EndGlobalSection
	GlobalSection(SolutionProperties) = preSolution
		HideSolutionNode = FALSE
	EndGlobalSection
	GlobalSection(ExtensibilityGlobals) = postSolution
		SolutionGuid = {6DFD7B8A-29B9-42A4-B178-1C6FB526F99C}
	EndGlobalSection
EndGlobal
